
Microsoft Visual Studio Solution File, Format Version 12.00
# Visual Studio Version 17
VisualStudioVersion = 17.8.34316.72
MinimumVisualStudioVersion = 10.0.40219.1
Project("{FAE04EC0-301F-11D3-BF4B-00C04F79EFBC}") = "PowerwallCompanion", "PowerwallCompanion\PowerwallCompanion.csproj", "{1B2CE0E2-CCE9-4FD1-A1C3-CB38A1E6FD00}"
EndProject
Project("{2150E333-8FDC-42A3-9474-1A3956D46DE8}") = "Solution Items", "Solution Items", "{3342E853-5F8D-49C8-B20D-BF91F985B1BB}"
	ProjectSection(SolutionItems) = preProject
		README.md = README.md
	EndProjectSection
EndProject
Global
	GlobalSection(SolutionConfigurationPlatforms) = preSolution
		Debug|ARM = Debug|ARM
		Debug|x64 = Debug|x64
		Debug|x86 = Debug|x86
		Release|ARM = Release|ARM
		Release|x64 = Release|x64
		Release|x86 = Release|x86
	EndGlobalSection
	GlobalSection(ProjectConfigurationPlatforms) = postSolution
		{1B2CE0E2-CCE9-4FD1-A1C3-CB38A1E6FD00}.Debug|ARM.ActiveCfg = Debug|ARM
		{1B2CE0E2-CCE9-4FD1-A1C3-CB38A1E6FD00}.Debug|ARM.Build.0 = Debug|ARM
		{1B2CE0E2-CCE9-4FD1-A1C3-CB38A1E6FD00}.Debug|ARM.Deploy.0 = Debug|ARM
		{1B2CE0E2-CCE9-4FD1-A1C3-CB38A1E6FD00}.Debug|x64.ActiveCfg = Debug|x64
		{1B2CE0E2-CCE9-4FD1-A1C3-CB38A1E6FD00}.Debug|x64.Build.0 = Debug|x64
		{1B2CE0E2-CCE9-4FD1-A1C3-CB38A1E6FD00}.Debug|x64.Deploy.0 = Debug|x64
		{1B2CE0E2-CCE9-4FD1-A1C3-CB38A1E6FD00}.Debug|x86.ActiveCfg = Debug|x86
		{1B2CE0E2-CCE9-4FD1-A1C3-CB38A1E6FD00}.Debug|x86.Build.0 = Debug|x86
		{1B2CE0E2-CCE9-4FD1-A1C3-CB38A1E6FD00}.Debug|x86.Deploy.0 = Debug|x86
		{1B2CE0E2-CCE9-4FD1-A1C3-CB38A1E6FD00}.Release|ARM.ActiveCfg = Release|ARM
		{1B2CE0E2-CCE9-4FD1-A1C3-CB38A1E6FD00}.Release|ARM.Build.0 = Release|ARM
		{1B2CE0E2-CCE9-4FD1-A1C3-CB38A1E6FD00}.Release|ARM.Deploy.0 = Release|ARM
		{1B2CE0E2-CCE9-4FD1-A1C3-CB38A1E6FD00}.Release|x64.ActiveCfg = Release|x64
		{1B2CE0E2-CCE9-4FD1-A1C3-CB38A1E6FD00}.Release|x64.Build.0 = Release|x64
		{1B2CE0E2-CCE9-4FD1-A1C3-CB38A1E6FD00}.Release|x64.Deploy.0 = Release|x64
		{1B2CE0E2-CCE9-4FD1-A1C3-CB38A1E6FD00}.Release|x86.ActiveCfg = Release|x86
		{1B2CE0E2-CCE9-4FD1-A1C3-CB38A1E6FD00}.Release|x86.Build.0 = Release|x86
		{1B2CE0E2-CCE9-4FD1-A1C3-CB38A1E6FD00}.Release|x86.Deploy.0 = Release|x86
	EndGlobalSection
	GlobalSection(SolutionProperties) = preSolution
		HideSolutionNode = FALSE
	EndGlobalSection
	GlobalSection(ExtensibilityGlobals) = postSolution
		SolutionGuid = {FB6CC172-0E54-4B04-8E20-C8D28EF42EFD}
	EndGlobalSection
EndGlobal
