
Microsoft Visual Studio Solution File, Format Version 12.00
# Visual Studio Version 17
VisualStudioVersion = 17.8.34316.72
MinimumVisualStudioVersion = 10.0.40219.1
Project("{FAE04EC0-301F-11D3-BF4B-00C04F79EFBC}") = "PowerwallCompanion", "PowerwallCompanion\PowerwallCompanion.csproj", "{1B2CE0E2-CCE9-4FD1-A1C3-CB38A1E6FD00}"
EndProject
Project("{2150E333-8FDC-42A3-9474-1A3956D46DE8}") = "Solution Items", "Solution Items", "{3342E853-5F8D-49C8-B20D-BF91F985B1BB}"
	ProjectSection(SolutionItems) = preProject
		.gitignore = .gitignore
		README.md = README.md
	EndProjectSection
EndProject
Project("{FAE04EC0-301F-11D3-BF4B-00C04F79EFBC}") = "PowerwallCompanion.Lib", "PowerwallCompanion.Lib\PowerwallCompanion.Lib.csproj", "{5D3C0CFC-863B-4E8E-A07A-611E578ED95C}"
EndProject
Project("{FAE04EC0-301F-11D3-BF4B-00C04F79EFBC}") = "PowerwallCompanion.Lib.Tests", "PowerwallCompanion.Lib.Tests\PowerwallCompanion.Lib.Tests.csproj", "{6167B8F5-8F50-41D7-A10D-2C3CDFAFA79F}"
EndProject
Global
	GlobalSection(SolutionConfigurationPlatforms) = preSolution
		Debug|Any CPU = Debug|Any CPU
		Debug|ARM = Debug|ARM
		Debug|ARM64 = Debug|ARM64
		Debug|x64 = Debug|x64
		Debug|x86 = Debug|x86
		Release|Any CPU = Release|Any CPU
		Release|ARM = Release|ARM
		Release|ARM64 = Release|ARM64
		Release|x64 = Release|x64
		Release|x86 = Release|x86
	EndGlobalSection
	GlobalSection(ProjectConfigurationPlatforms) = postSolution
		{1B2CE0E2-CCE9-4FD1-A1C3-CB38A1E6FD00}.Debug|Any CPU.ActiveCfg = Debug|Any CPU
		{1B2CE0E2-CCE9-4FD1-A1C3-CB38A1E6FD00}.Debug|Any CPU.Build.0 = Debug|Any CPU
		{1B2CE0E2-CCE9-4FD1-A1C3-CB38A1E6FD00}.Debug|Any CPU.Deploy.0 = Debug|Any CPU
		{1B2CE0E2-CCE9-4FD1-A1C3-CB38A1E6FD00}.Debug|ARM.ActiveCfg = Debug|ARM
		{1B2CE0E2-CCE9-4FD1-A1C3-CB38A1E6FD00}.Debug|ARM.Build.0 = Debug|ARM
		{1B2CE0E2-CCE9-4FD1-A1C3-CB38A1E6FD00}.Debug|ARM.Deploy.0 = Debug|ARM
		{1B2CE0E2-CCE9-4FD1-A1C3-CB38A1E6FD00}.Debug|ARM64.ActiveCfg = Debug|ARM64
		{1B2CE0E2-CCE9-4FD1-A1C3-CB38A1E6FD00}.Debug|ARM64.Build.0 = Debug|ARM64
		{1B2CE0E2-CCE9-4FD1-A1C3-CB38A1E6FD00}.Debug|ARM64.Deploy.0 = Debug|ARM64
		{1B2CE0E2-CCE9-4FD1-A1C3-CB38A1E6FD00}.Debug|x64.ActiveCfg = Debug|x64
		{1B2CE0E2-CCE9-4FD1-A1C3-CB38A1E6FD00}.Debug|x64.Build.0 = Debug|x64
		{1B2CE0E2-CCE9-4FD1-A1C3-CB38A1E6FD00}.Debug|x64.Deploy.0 = Debug|x64
		{1B2CE0E2-CCE9-4FD1-A1C3-CB38A1E6FD00}.Debug|x86.ActiveCfg = Debug|x86
		{1B2CE0E2-CCE9-4FD1-A1C3-CB38A1E6FD00}.Debug|x86.Build.0 = Debug|x86
		{1B2CE0E2-CCE9-4FD1-A1C3-CB38A1E6FD00}.Debug|x86.Deploy.0 = Debug|x86
		{1B2CE0E2-CCE9-4FD1-A1C3-CB38A1E6FD00}.Release|Any CPU.ActiveCfg = Release|Any CPU
		{1B2CE0E2-CCE9-4FD1-A1C3-CB38A1E6FD00}.Release|Any CPU.Build.0 = Release|Any CPU
		{1B2CE0E2-CCE9-4FD1-A1C3-CB38A1E6FD00}.Release|Any CPU.Deploy.0 = Release|Any CPU
		{1B2CE0E2-CCE9-4FD1-A1C3-CB38A1E6FD00}.Release|ARM.ActiveCfg = Release|ARM
		{1B2CE0E2-CCE9-4FD1-A1C3-CB38A1E6FD00}.Release|ARM.Build.0 = Release|ARM
		{1B2CE0E2-CCE9-4FD1-A1C3-CB38A1E6FD00}.Release|ARM.Deploy.0 = Release|ARM
		{1B2CE0E2-CCE9-4FD1-A1C3-CB38A1E6FD00}.Release|ARM64.ActiveCfg = Release|ARM64
		{1B2CE0E2-CCE9-4FD1-A1C3-CB38A1E6FD00}.Release|ARM64.Build.0 = Release|ARM64
		{1B2CE0E2-CCE9-4FD1-A1C3-CB38A1E6FD00}.Release|ARM64.Deploy.0 = Release|ARM64
		{1B2CE0E2-CCE9-4FD1-A1C3-CB38A1E6FD00}.Release|x64.ActiveCfg = Release|x64
		{1B2CE0E2-CCE9-4FD1-A1C3-CB38A1E6FD00}.Release|x64.Build.0 = Release|x64
		{1B2CE0E2-CCE9-4FD1-A1C3-CB38A1E6FD00}.Release|x64.Deploy.0 = Release|x64
		{1B2CE0E2-CCE9-4FD1-A1C3-CB38A1E6FD00}.Release|x86.ActiveCfg = Release|x86
		{1B2CE0E2-CCE9-4FD1-A1C3-CB38A1E6FD00}.Release|x86.Build.0 = Release|x86
		{1B2CE0E2-CCE9-4FD1-A1C3-CB38A1E6FD00}.Release|x86.Deploy.0 = Release|x86
		{5D3C0CFC-863B-4E8E-A07A-611E578ED95C}.Debug|Any CPU.ActiveCfg = Debug|Any CPU
		{5D3C0CFC-863B-4E8E-A07A-611E578ED95C}.Debug|Any CPU.Build.0 = Debug|Any CPU
		{5D3C0CFC-863B-4E8E-A07A-611E578ED95C}.Debug|ARM.ActiveCfg = Debug|Any CPU
		{5D3C0CFC-863B-4E8E-A07A-611E578ED95C}.Debug|ARM.Build.0 = Debug|Any CPU
		{5D3C0CFC-863B-4E8E-A07A-611E578ED95C}.Debug|ARM64.ActiveCfg = Debug|Any CPU
		{5D3C0CFC-863B-4E8E-A07A-611E578ED95C}.Debug|ARM64.Build.0 = Debug|Any CPU
		{5D3C0CFC-863B-4E8E-A07A-611E578ED95C}.Debug|x64.ActiveCfg = Debug|Any CPU
		{5D3C0CFC-863B-4E8E-A07A-611E578ED95C}.Debug|x64.Build.0 = Debug|Any CPU
		{5D3C0CFC-863B-4E8E-A07A-611E578ED95C}.Debug|x86.ActiveCfg = Debug|Any CPU
		{5D3C0CFC-863B-4E8E-A07A-611E578ED95C}.Debug|x86.Build.0 = Debug|Any CPU
		{5D3C0CFC-863B-4E8E-A07A-611E578ED95C}.Release|Any CPU.ActiveCfg = Release|Any CPU
		{5D3C0CFC-863B-4E8E-A07A-611E578ED95C}.Release|Any CPU.Build.0 = Release|Any CPU
		{5D3C0CFC-863B-4E8E-A07A-611E578ED95C}.Release|ARM.ActiveCfg = Release|Any CPU
		{5D3C0CFC-863B-4E8E-A07A-611E578ED95C}.Release|ARM.Build.0 = Release|Any CPU
		{5D3C0CFC-863B-4E8E-A07A-611E578ED95C}.Release|ARM64.ActiveCfg = Release|Any CPU
		{5D3C0CFC-863B-4E8E-A07A-611E578ED95C}.Release|ARM64.Build.0 = Release|Any CPU
		{5D3C0CFC-863B-4E8E-A07A-611E578ED95C}.Release|x64.ActiveCfg = Release|Any CPU
		{5D3C0CFC-863B-4E8E-A07A-611E578ED95C}.Release|x64.Build.0 = Release|Any CPU
		{5D3C0CFC-863B-4E8E-A07A-611E578ED95C}.Release|x86.ActiveCfg = Release|Any CPU
		{5D3C0CFC-863B-4E8E-A07A-611E578ED95C}.Release|x86.Build.0 = Release|Any CPU
		{6167B8F5-8F50-41D7-A10D-2C3CDFAFA79F}.Debug|Any CPU.ActiveCfg = Debug|Any CPU
		{6167B8F5-8F50-41D7-A10D-2C3CDFAFA79F}.Debug|Any CPU.Build.0 = Debug|Any CPU
		{6167B8F5-8F50-41D7-A10D-2C3CDFAFA79F}.Debug|ARM.ActiveCfg = Debug|Any CPU
		{6167B8F5-8F50-41D7-A10D-2C3CDFAFA79F}.Debug|ARM.Build.0 = Debug|Any CPU
		{6167B8F5-8F50-41D7-A10D-2C3CDFAFA79F}.Debug|ARM64.ActiveCfg = Debug|Any CPU
		{6167B8F5-8F50-41D7-A10D-2C3CDFAFA79F}.Debug|ARM64.Build.0 = Debug|Any CPU
		{6167B8F5-8F50-41D7-A10D-2C3CDFAFA79F}.Debug|x64.ActiveCfg = Debug|Any CPU
		{6167B8F5-8F50-41D7-A10D-2C3CDFAFA79F}.Debug|x64.Build.0 = Debug|Any CPU
		{6167B8F5-8F50-41D7-A10D-2C3CDFAFA79F}.Debug|x86.ActiveCfg = Debug|Any CPU
		{6167B8F5-8F50-41D7-A10D-2C3CDFAFA79F}.Debug|x86.Build.0 = Debug|Any CPU
		{6167B8F5-8F50-41D7-A10D-2C3CDFAFA79F}.Release|Any CPU.ActiveCfg = Release|Any CPU
		{6167B8F5-8F50-41D7-A10D-2C3CDFAFA79F}.Release|Any CPU.Build.0 = Release|Any CPU
		{6167B8F5-8F50-41D7-A10D-2C3CDFAFA79F}.Release|ARM.ActiveCfg = Release|Any CPU
		{6167B8F5-8F50-41D7-A10D-2C3CDFAFA79F}.Release|ARM.Build.0 = Release|Any CPU
		{6167B8F5-8F50-41D7-A10D-2C3CDFAFA79F}.Release|ARM64.ActiveCfg = Release|Any CPU
		{6167B8F5-8F50-41D7-A10D-2C3CDFAFA79F}.Release|ARM64.Build.0 = Release|Any CPU
		{6167B8F5-8F50-41D7-A10D-2C3CDFAFA79F}.Release|x64.ActiveCfg = Release|Any CPU
		{6167B8F5-8F50-41D7-A10D-2C3CDFAFA79F}.Release|x64.Build.0 = Release|Any CPU
		{6167B8F5-8F50-41D7-A10D-2C3CDFAFA79F}.Release|x86.ActiveCfg = Release|Any CPU
		{6167B8F5-8F50-41D7-A10D-2C3CDFAFA79F}.Release|x86.Build.0 = Release|Any CPU
	EndGlobalSection
	GlobalSection(SolutionProperties) = preSolution
		HideSolutionNode = FALSE
	EndGlobalSection
	GlobalSection(ExtensibilityGlobals) = postSolution
		SolutionGuid = {FB6CC172-0E54-4B04-8E20-C8D28EF42EFD}
	EndGlobalSection
EndGlobal
